<Solution>
  <Project Path="../Class1th (Garbage Collection)/Class1th (Garbage Collection).csproj" Id="8befe0f2-6daf-4ada-80b7-f153698cc871" />
  <Project Path="../Class2th (Parameter Modifier)/Class2th (Parameter Modifier).csproj" Id="83728e72-bd91-4c39-8505-9832d1b771ce" />
  <Project Path="../Class3th (Abstract Class)/Class3th (Abstract Class).csproj" Id="12124510-6765-4d6b-9a43-7336e6e0518e" />
  <Project Path="../Class4th (Interface)/Class4th (Interface).csproj" Id="ce86f7a9-2f27-4a94-8d37-d837b6638f92" />
  <Project Path="../Class5th (Generalization)/Class5th (Generalization).csproj" Id="880fe616-c650-46f2-8e0a-69c7c538d3ef" />
  <Project Path="Program.csproj" />
</Solution>
